
Microsoft Visual Studio Solution File, Format Version 12.00
# Visual Studio Version 16
VisualStudioVersion = 16.0.31624.102
MinimumVisualStudioVersion = 10.0.40219.1
Project("{9A19103F-16F7-4668-BE54-9A1E7A4F7556}") = "TCG_CollectionGame", "asp_leren\TCG_CollectionGame.csproj", "{CBD92FDB-6390-412A-8BE3-12013FD69D10}"
EndProject
Global
	GlobalSection(SolutionConfigurationPlatforms) = preSolution
		Debug|Any CPU = Debug|Any CPU
		Release|Any CPU = Release|Any CPU
	EndGlobalSection
	GlobalSection(ProjectConfigurationPlatforms) = postSolution
		{CBD92FDB-6390-412A-8BE3-12013FD69D10}.Debug|Any CPU.ActiveCfg = Debug|Any CPU
		{CBD92FDB-6390-412A-8BE3-12013FD69D10}.Debug|Any CPU.Build.0 = Debug|Any CPU
		{CBD92FDB-6390-412A-8BE3-12013FD69D10}.Release|Any CPU.ActiveCfg = Release|Any CPU
		{CBD92FDB-6390-412A-8BE3-12013FD69D10}.Release|Any CPU.Build.0 = Release|Any CPU
	EndGlobalSection
	GlobalSection(SolutionProperties) = preSolution
		HideSolutionNode = FALSE
	EndGlobalSection
	GlobalSection(ExtensibilityGlobals) = postSolution
		SolutionGuid = {B709E0C7-595B-4AE6-A797-92884ABE7CB5}
	EndGlobalSection
EndGlobal
